lockfileVersion: 5.3

specifiers:
  '@types/amqplib': ^0.8.1
  amqplib: ^0.8.0
  esbuild: ^0.12.15
  nanoid: ^3.1.23
  typescript: ^4.3.5

dependencies:
  '@types/amqplib': 0.8.2
  amqplib: 0.8.0
  nanoid: 3.2.0

devDependencies:
  esbuild: 0.12.29
  typescript: 4.5.5

packages:

  /@types/amqplib/0.8.2:
    resolution: {integrity: sha512-p+TFLzo52f8UanB+Nq6gyUi65yecAcRY3nYowU6MPGFtaJvEDxcnFWrxssSTkF+ts1W3zyQDvgVICLQem5WxRA==}
    dependencies:
      '@types/bluebird': 3.5.36
      '@types/node': 17.0.12
    dev: false

  /@types/bluebird/3.5.36:
    resolution: {integrity: sha512-HBNx4lhkxN7bx6P0++W8E289foSu8kO8GCk2unhuVggO+cE7rh9DhZUyPhUxNRG9m+5B5BTKxZQ5ZP92x/mx9Q==}
    dev: false

  /@types/node/17.0.12:
    resolution: {integrity: sha512-4YpbAsnJXWYK/fpTVFlMIcUIho2AYCi4wg5aNPrG1ng7fn/1/RZfCIpRCiBX+12RVa34RluilnvCqD+g3KiSiA==}
    dev: false

  /amqplib/0.8.0:
    resolution: {integrity: sha512-icU+a4kkq4Y1PS4NNi+YPDMwdlbFcZ1EZTQT2nigW3fvOb6AOgUQ9+Mk4ue0Zu5cBg/XpDzB40oH10ysrk2dmA==}
    engines: {node: '>=10'}
    dependencies:
      bitsyntax: 0.1.0
      bluebird: 3.7.2
      buffer-more-ints: 1.0.0
      readable-stream: 1.1.14
      safe-buffer: 5.2.1
      url-parse: 1.5.4
    dev: false

  /bitsyntax/0.1.0:
    resolution: {integrity: sha512-ikAdCnrloKmFOugAfxWws89/fPc+nw0OOG1IzIE72uSOg/A3cYptKCjSUhDTuj7fhsJtzkzlv7l3b8PzRHLN0Q==}
    engines: {node: '>=0.8'}
    dependencies:
      buffer-more-ints: 1.0.0
      debug: 2.6.9
      safe-buffer: 5.1.2
    dev: false

  /bluebird/3.7.2:
    resolution: {integrity: sha512-XpNj6GDQzdfW+r2Wnn7xiSAd7TM3jzkxGXBGTtWKuSXv1xUV+azxAm8jdWZN06QTQk+2N2XB9jRDkvbmQmcRtg==}
    dev: false

  /buffer-more-ints/1.0.0:
    resolution: {integrity: sha512-EMetuGFz5SLsT0QTnXzINh4Ksr+oo4i+UGTXEshiGCQWnsgSs7ZhJ8fzlwQ+OzEMs0MpDAMr1hxnblp5a4vcHg==}
    dev: false

  /core-util-is/1.0.3:
    resolution: {integrity: sha512-ZQBvi1DcpJ4GDqanjucZ2Hj3wEO5pZDS89BWbkcrvdxksJorwUDDZamX9ldFkp9aw2lmBDLgkObEA4DWNJ9FYQ==}
    dev: false

  /debug/2.6.9:
    resolution: {integrity: sha512-bC7ElrdJaJnPbAP+1EotYvqZsb3ecl5wi6Bfi6BJTUcNowp6cvspg0jXznRTKDjm/E7AdgFBVeAPVMNcKGsHMA==}
    dependencies:
      ms: 2.0.0
    dev: false

  /esbuild/0.12.29:
    resolution: {integrity: sha512-w/XuoBCSwepyiZtIRsKsetiLDUVGPVw1E/R3VTFSecIy8UR7Cq3SOtwKHJMFoVqqVG36aGkzh4e8BvpO1Fdc7g==}
    hasBin: true
    requiresBuild: true
    dev: true

  /inherits/2.0.4:
    resolution: {integrity: sha512-k/vGaX4/Yla3WzyMCvTQOXYeIHvqOKtnqBduzTHpzpQZzAskKMhZ2K+EnBiSM9zGSoIFeMpXKxa4dYeZIQqewQ==}
    dev: false

  /isarray/0.0.1:
    resolution: {integrity: sha1-ihis/Kmo9Bd+Cav8YDiTmwXR7t8=}
    dev: false

  /ms/2.0.0:
    resolution: {integrity: sha1-VgiurfwAvmwpAd9fmGF4jeDVl8g=}
    dev: false

  /nanoid/3.2.0:
    resolution: {integrity: sha512-fmsZYa9lpn69Ad5eDn7FMcnnSR+8R34W9qJEijxYhTbfOWzr22n1QxCMzXLK+ODyW2973V3Fux959iQoUxzUIA==}
    engines: {node: ^10 || ^12 || ^13.7 || ^14 || >=15.0.1}
    hasBin: true
    dev: false

  /querystringify/2.2.0:
    resolution: {integrity: sha512-FIqgj2EUvTa7R50u0rGsyTftzjYmv/a3hO345bZNrqabNqjtgiDMgmo4mkUjd+nzU5oF3dClKqFIPUKybUyqoQ==}
    dev: false

  /readable-stream/1.1.14:
    resolution: {integrity: sha1-fPTFTvZI44EwhMY23SB54WbAgdk=}
    dependencies:
      core-util-is: 1.0.3
      inherits: 2.0.4
      isarray: 0.0.1
      string_decoder: 0.10.31
    dev: false

  /requires-port/1.0.0:
    resolution: {integrity: sha1-kl0mAdOaxIXgkc8NpcbmlNw9yv8=}
    dev: false

  /safe-buffer/5.1.2:
    resolution: {integrity: sha512-Gd2UZBJDkXlY7GbJxfsE8/nvKkUEU1G38c1siN6QP6a9PT9MmHB8GnpscSmMJSoF8LOIrt8ud/wPtojys4G6+g==}
    dev: false

  /safe-buffer/5.2.1:
    resolution: {integrity: sha512-rp3So07KcdmmKbGvgaNxQSJr7bGVSVk5S9Eq1F+ppbRo70+YeaDxkw5Dd8NPN+GD6bjnYm2VuPuCXmpuYvmCXQ==}
    dev: false

  /string_decoder/0.10.31:
    resolution: {integrity: sha1-YuIDvEF2bGwoyfyEMB2rHFMQ+pQ=}
    dev: false

  /typescript/4.5.5:
    resolution: {integrity: sha512-TCTIul70LyWe6IJWT8QSYeA54WQe8EjQFU4wY52Fasj5UKx88LNYKCgBEHcOMOrFF1rKGbD8v/xcNWVUq9SymA==}
    engines: {node: '>=4.2.0'}
    hasBin: true
    dev: true

  /url-parse/1.5.4:
    resolution: {integrity: sha512-ITeAByWWoqutFClc/lRZnFplgXgEZr3WJ6XngMM/N9DMIm4K8zXPCZ1Jdu0rERwO84w1WC5wkle2ubwTA4NTBg==}
    dependencies:
      querystringify: 2.2.0
      requires-port: 1.0.0
    dev: false
